// !$*UTF8*$!
{
	archiveVersion = 1;
	classes = {
	};
	objectVersion = 50;
	objects = {

/* Begin PBXBuildFile section */
		95C5D0A32366F52900C60F88 /* AppDelegate.swift in Sources */ = {isa = PBXBuildFile; fileRef = 95C5D0A22366F52900C60F88 /* AppDelegate.swift */; };
		95C5D0A52366F52900C60F88 /* SceneDelegate.swift in Sources */ = {isa = PBXBuildFile; fileRef = 95C5D0A42366F52900C60F88 /* SceneDelegate.swift */; };
		95C5D0A72366F52900C60F88 /* IntroductionViewController.swift in Sources */ = {isa = PBXBuildFile; fileRef = 95C5D0A62366F52900C60F88 /* IntroductionViewController.swift */; };
		95C5D0AA2366F52900C60F88 /* Main.storyboard in Resources */ = {isa = PBXBuildFile; fileRef = 95C5D0A82366F52900C60F88 /* Main.storyboard */; };
		95C5D0AC2366F52A00C60F88 /* Assets.xcassets in Resources */ = {isa = PBXBuildFile; fileRef = 95C5D0AB2366F52A00C60F88 /* Assets.xcassets */; };
		95C5D0AF2366F52A00C60F88 /* LaunchScreen.storyboard in Resources */ = {isa = PBXBuildFile; fileRef = 95C5D0AD2366F52A00C60F88 /* LaunchScreen.storyboard */; };
		95C5D0B72366FCBC00C60F88 /* QuestionViewController.swift in Sources */ = {isa = PBXBuildFile; fileRef = 95C5D0B62366FCBC00C60F88 /* QuestionViewController.swift */; };
		95C5D0B92366FCC400C60F88 /* ResultsViewController.swift in Sources */ = {isa = PBXBuildFile; fileRef = 95C5D0B82366FCC400C60F88 /* ResultsViewController.swift */; };
		95C5D0BB236700DE00C60F88 /* QuestionData.swift in Sources */ = {isa = PBXBuildFile; fileRef = 95C5D0BA236700DE00C60F88 /* QuestionData.swift */; };
/* End PBXBuildFile section */

/* Begin PBXFileReference section */
		95C5D09F2366F52900C60F88 /* PersonalityQuiz.app */ = {isa = PBXFileReference; explicitFileType = wrapper.application; includeInIndex = 0; path = PersonalityQuiz.app; sourceTree = BUILT_PRODUCTS_DIR; };
		95C5D0A22366F52900C60F88 /* AppDelegate.swift */ = {isa = PBXFileReference; lastKnownFileType = sourcecode.swift; path = AppDelegate.swift; sourceTree = "<group>"; };
		95C5D0A42366F52900C60F88 /* SceneDelegate.swift */ = {isa = PBXFileReference; lastKnownFileType = sourcecode.swift; path = SceneDelegate.swift; sourceTree = "<group>"; };
		95C5D0A62366F52900C60F88 /* IntroductionViewController.swift */ = {isa = PBXFileReference; lastKnownFileType = sourcecode.swift; path = IntroductionViewController.swift; sourceTree = "<group>"; };
		95C5D0A92366F52900C60F88 /* Base */ = {isa = PBXFileReference; lastKnownFileType = file.storyboard; name = Base; path = Base.lproj/Main.storyboard; sourceTree = "<group>"; };
		95C5D0AB2366F52A00C60F88 /* Assets.xcassets */ = {isa = PBXFileReference; lastKnownFileType = folder.assetcatalog; path = Assets.xcassets; sourceTree = "<group>"; };
		95C5D0AE2366F52A00C60F88 /* Base */ = {isa = PBXFileReference; lastKnownFileType = file.storyboard; name = Base; path = Base.lproj/LaunchScreen.storyboard; sourceTree = "<group>"; };
		95C5D0B02366F52A00C60F88 /* Info.plist */ = {isa = PBXFileReference; lastKnownFileType = text.plist.xml; path = Info.plist; sourceTree = "<group>"; };
		95C5D0B62366FCBC00C60F88 /* QuestionViewController.swift */ = {isa = PBXFileReference; lastKnownFileType = sourcecode.swift; path = QuestionViewController.swift; sourceTree = "<group>"; };
		95C5D0B82366FCC400C60F88 /* ResultsViewController.swift */ = {isa = PBXFileReference; lastKnownFileType = sourcecode.swift; path = ResultsViewController.swift; sourceTree = "<group>"; };
		95C5D0BA236700DE00C60F88 /* QuestionData.swift */ = {isa = PBXFileReference; lastKnownFileType = sourcecode.swift; path = QuestionData.swift; sourceTree = "<group>"; };
/* End PBXFileReference section */

/* Begin PBXFrameworksBuildPhase section */
		95C5D09C2366F52900C60F88 /* Frameworks */ = {
			isa = PBXFrameworksBuildPhase;
			buildActionMask = 2147483647;
			files = (
			);
			runOnlyForDeploymentPostprocessing = 0;
		};
/* End PBXFrameworksBuildPhase section */

/* Begin PBXGroup section */
		95C5D0962366F52900C60F88 = {
			isa = PBXGroup;
			children = (
				95C5D0BA236700DE00C60F88 /* QuestionData.swift */,
				95C5D0A12366F52900C60F88 /* PersonalityQuiz */,
				95C5D0A02366F52900C60F88 /* Products */,
			);
			sourceTree = "<group>";
		};
		95C5D0A02366F52900C60F88 /* Products */ = {
			isa = PBXGroup;
			children = (
				95C5D09F2366F52900C60F88 /* PersonalityQuiz.app */,
			);
			name = Products;
			sourceTree = "<group>";
		};
		95C5D0A12366F52900C60F88 /* PersonalityQuiz */ = {
			isa = PBXGroup;
			children = (
				95C5D0A22366F52900C60F88 /* AppDelegate.swift */,
				95C5D0A42366F52900C60F88 /* SceneDelegate.swift */,
				95C5D0A62366F52900C60F88 /* IntroductionViewController.swift */,
				95C5D0B62366FCBC00C60F88 /* QuestionViewController.swift */,
				95C5D0B82366FCC400C60F88 /* ResultsViewController.swift */,
				95C5D0A82366F52900C60F88 /* Main.storyboard */,
				95C5D0AB2366F52A00C60F88 /* Assets.xcassets */,
				95C5D0AD2366F52A00C60F88 /* LaunchScreen.storyboard */,
				95C5D0B02366F52A00C60F88 /* Info.plist */,
			);
			path = PersonalityQuiz;
			sourceTree = "<group>";
		};
/* End PBXGroup section */

/* Begin PBXNativeTarget section */
		95C5D09E2366F52900C60F88 /* PersonalityQuiz */ = {
			isa = PBXNativeTarget;
			buildConfigurationList = 95C5D0B32366F52A00C60F88 /* Build configuration list for PBXNativeTarget "PersonalityQuiz" */;
			buildPhases = (
				95C5D09B2366F52900C60F88 /* Sources */,
				95C5D09C2366F52900C60F88 /* Frameworks */,
				95C5D09D2366F52900C60F88 /* Resources */,
			);
			buildRules = (
			);
			dependencies = (
			);
			name = PersonalityQuiz;
			productName = PersonalityQuiz;
			productReference = 95C5D09F2366F52900C60F88 /* PersonalityQuiz.app */;
			productType = "com.apple.product-type.application";
		};
/* End PBXNativeTarget section */

/* Begin PBXProject section */
		95C5D0972366F52900C60F88 /* Project object */ = {
			isa = PBXProject;
			attributes = {
				LastSwiftUpdateCheck = 1110;
				LastUpgradeCheck = 1110;
				ORGANIZATIONNAME = "Frank Solleveld";
				TargetAttributes = {
					95C5D09E2366F52900C60F88 = {
						CreatedOnToolsVersion = 11.1;
					};
				};
			};
			buildConfigurationList = 95C5D09A2366F52900C60F88 /* Build configuration list for PBXProject "PersonalityQuiz" */;
			compatibilityVersion = "Xcode 9.3";
			developmentRegion = en;
			hasScannedForEncodings = 0;
			knownRegions = (
				en,
				Base,
			);
			mainGroup = 95C5D0962366F52900C60F88;
			productRefGroup = 95C5D0A02366F52900C60F88 /* Products */;
			projectDirPath = "";
			projectRoot = "";
			targets = (
				95C5D09E2366F52900C60F88 /* PersonalityQuiz */,
			);
		};
/* End PBXProject section */

/* Begin PBXResourcesBuildPhase section */
		95C5D09D2366F52900C60F88 /* Resources */ = {
			isa = PBXResourcesBuildPhase;
			buildActionMask = 2147483647;
			files = (
				95C5D0AF2366F52A00C60F88 /* LaunchScreen.storyboard in Resources */,
				95C5D0AC2366F52A00C60F88 /* Assets.xcassets in Resources */,
				95C5D0AA2366F52900C60F88 /* Main.storyboard in Resources */,
			);
			runOnlyForDeploymentPostprocessing = 0;
		};
/* End PBXResourcesBuildPhase section */

/* Begin PBXSourcesBuildPhase section */
		95C5D09B2366F52900C60F88 /* Sources */ = {
			isa = PBXSourcesBuildPhase;
			buildActionMask = 2147483647;
			files = (
				95C5D0A72366F52900C60F88 /* IntroductionViewController.swift in Sources */,
				95C5D0A32366F52900C60F88 /* AppDelegate.swift in Sources */,
				95C5D0B72366FCBC00C60F88 /* QuestionViewController.swift in Sources */,
				95C5D0BB236700DE00C60F88 /* QuestionData.swift in Sources */,
				95C5D0B92366FCC400C60F88 /* ResultsViewController.swift in Sources */,
				95C5D0A52366F52900C60F88 /* SceneDelegate.swift in Sources */,
			);
			runOnlyForDeploymentPostprocessing = 0;
		};
/* End PBXSourcesBuildPhase section */

/* Begin PBXVariantGroup section */
		95C5D0A82366F52900C60F88 /* Main.storyboard */ = {
			isa = PBXVariantGroup;
			children = (
				95C5D0A92366F52900C60F88 /* Base */,
			);
			name = Main.storyboard;
			sourceTree = "<group>";
		};
		95C5D0AD2366F52A00C60F88 /* LaunchScreen.storyboard */ = {
			isa = PBXVariantGroup;
			children = (
				95C5D0AE2366F52A00C60F88 /* Base */,
			);
			name = LaunchScreen.storyboard;
			sourceTree = "<group>";
		};
/* End PBXVariantGroup section */

/* Begin XCBuildConfiguration section */
		95C5D0B12366F52A00C60F88 /* Debug */ = {
			isa = XCBuildConfiguration;
			buildSettings = {
				ALWAYS_SEARCH_USER_PATHS = NO;
				CLANG_ANALYZER_NONNULL = YES;
				CLANG_ANALYZER_NUMBER_OBJECT_CONVERSION = YES_AGGRESSIVE;
				CLANG_CXX_LANGUAGE_STANDARD = "gnu++14";
				CLANG_CXX_LIBRARY = "libc++";
				CLANG_ENABLE_MODULES = YES;
				CLANG_ENABLE_OBJC_ARC = YES;
				CLANG_ENABLE_OBJC_WEAK = YES;
				CLANG_WARN_BLOCK_CAPTURE_AUTORELEASING = YES;
				CLANG_WARN_BOOL_CONVERSION = YES;
				CLANG_WARN_COMMA = YES;
				CLANG_WARN_CONSTANT_CONVERSION = YES;
				CLANG_WARN_DEPRECATED_OBJC_IMPLEMENTATIONS = YES;
				CLANG_WARN_DIRECT_OBJC_ISA_USAGE = YES_ERROR;
				CLANG_WARN_DOCUMENTATION_COMMENTS = YES;
				CLANG_WARN_EMPTY_BODY = YES;
				CLANG_WARN_ENUM_CONVERSION = YES;
				CLANG_WARN_INFINITE_RECURSION = YES;
				CLANG_WARN_INT_CONVERSION = YES;
				CLANG_WARN_NON_LITERAL_NULL_CONVERSION = YES;
				CLANG_WARN_OBJC_IMPLICIT_RETAIN_SELF = YES;
				CLANG_WARN_OBJC_LITERAL_CONVERSION = YES;
				CLANG_WARN_OBJC_ROOT_CLASS = YES_ERROR;
				CLANG_WARN_RANGE_LOOP_ANALYSIS = YES;
				CLANG_WARN_STRICT_PROTOTYPES = YES;
				CLANG_WARN_SUSPICIOUS_MOVE = YES;
				CLANG_WARN_UNGUARDED_AVAILABILITY = YES_AGGRESSIVE;
				CLANG_WARN_UNREACHABLE_CODE = YES;
				CLANG_WARN__DUPLICATE_METHOD_MATCH = YES;
				COPY_PHASE_STRIP = NO;
				DEBUG_INFORMATION_FORMAT = dwarf;
				ENABLE_STRICT_OBJC_MSGSEND = YES;
				ENABLE_TESTABILITY = YES;
				GCC_C_LANGUAGE_STANDARD = gnu11;
				GCC_DYNAMIC_NO_PIC = NO;
				GCC_NO_COMMON_BLOCKS = YES;
				GCC_OPTIMIZATION_LEVEL = 0;
				GCC_PREPROCESSOR_DEFINITIONS = (
					"DEBUG=1",
					"$(inherited)",
				);
				GCC_WARN_64_TO_32_BIT_CONVERSION = YES;
				GCC_WARN_ABOUT_RETURN_TYPE = YES_ERROR;
				GCC_WARN_UNDECLARED_SELECTOR = YES;
				GCC_WARN_UNINITIALIZED_AUTOS = YES_AGGRESSIVE;
				GCC_WARN_UNUSED_FUNCTION = YES;
				GCC_WARN_UNUSED_VARIABLE = YES;
				IPHONEOS_DEPLOYMENT_TARGET = 13.1;
				MTL_ENABLE_DEBUG_INFO = INCLUDE_SOURCE;
				MTL_FAST_MATH = YES;
				ONLY_ACTIVE_ARCH = YES;
				SDKROOT = iphoneos;
				SWIFT_ACTIVE_COMPILATION_CONDITIONS = DEBUG;
				SWIFT_OPTIMIZATION_LEVEL = "-Onone";
			};
			name = Debug;
		};
		95C5D0B22366F52A00C60F88 /* Release */ = {
			isa = XCBuildConfiguration;
			buildSettings = {
				ALWAYS_SEARCH_USER_PATHS = NO;
				CLANG_ANALYZER_NONNULL = YES;
				CLANG_ANALYZER_NUMBER_OBJECT_CONVERSION = YES_AGGRESSIVE;
				CLANG_CXX_LANGUAGE_STANDARD = "gnu++14";
				CLANG_CXX_LIBRARY = "libc++";
				CLANG_ENABLE_MODULES = YES;
				CLANG_ENABLE_OBJC_ARC = YES;
				CLANG_ENABLE_OBJC_WEAK = YES;
				CLANG_WARN_BLOCK_CAPTURE_AUTORELEASING = YES;
				CLANG_WARN_BOOL_CONVERSION = YES;
				CLANG_WARN_COMMA = YES;
				CLANG_WARN_CONSTANT_CONVERSION = YES;
				CLANG_WARN_DEPRECATED_OBJC_IMPLEMENTATIONS = YES;
				CLANG_WARN_DIRECT_OBJC_ISA_USAGE = YES_ERROR;
				CLANG_WARN_DOCUMENTATION_COMMENTS = YES;
				CLANG_WARN_EMPTY_BODY = YES;
				CLANG_WARN_ENUM_CONVERSION = YES;
				CLANG_WARN_INFINITE_RECURSION = YES;
				CLANG_WARN_INT_CONVERSION = YES;
				CLANG_WARN_NON_LITERAL_NULL_CONVERSION = YES;
				CLANG_WARN_OBJC_IMPLICIT_RETAIN_SELF = YES;
				CLANG_WARN_OBJC_LITERAL_CONVERSION = YES;
				CLANG_WARN_OBJC_ROOT_CLASS = YES_ERROR;
				CLANG_WARN_RANGE_LOOP_ANALYSIS = YES;
				CLANG_WARN_STRICT_PROTOTYPES = YES;
				CLANG_WARN_SUSPICIOUS_MOVE = YES;
				CLANG_WARN_UNGUARDED_AVAILABILITY = YES_AGGRESSIVE;
				CLANG_WARN_UNREACHABLE_CODE = YES;
				CLANG_WARN__DUPLICATE_METHOD_MATCH = YES;
				COPY_PHASE_STRIP = NO;
				DEBUG_INFORMATION_FORMAT = "dwarf-with-dsym";
				ENABLE_NS_ASSERTIONS = NO;
				ENABLE_STRICT_OBJC_MSGSEND = YES;
				GCC_C_LANGUAGE_STANDARD = gnu11;
				GCC_NO_COMMON_BLOCKS = YES;
				GCC_WARN_64_TO_32_BIT_CONVERSION = YES;
				GCC_WARN_ABOUT_RETURN_TYPE = YES_ERROR;
				GCC_WARN_UNDECLARED_SELECTOR = YES;
				GCC_WARN_UNINITIALIZED_AUTOS = YES_AGGRESSIVE;
				GCC_WARN_UNUSED_FUNCTION = YES;
				GCC_WARN_UNUSED_VARIABLE = YES;
				IPHONEOS_DEPLOYMENT_TARGET = 13.1;
				MTL_ENABLE_DEBUG_INFO = NO;
				MTL_FAST_MATH = YES;
				SDKROOT = iphoneos;
				SWIFT_COMPILATION_MODE = wholemodule;
				SWIFT_OPTIMIZATION_LEVEL = "-O";
				VALIDATE_PRODUCT = YES;
			};
			name = Release;
		};
		95C5D0B42366F52A00C60F88 /* Debug */ = {
			isa = XCBuildConfiguration;
			buildSettings = {
				ASSETCATALOG_COMPILER_APPICON_NAME = AppIcon;
				CODE_SIGN_STYLE = Automatic;
				DEVELOPMENT_TEAM = 2BRJ7L3SUQ;
				INFOPLIST_FILE = PersonalityQuiz/Info.plist;
				LD_RUNPATH_SEARCH_PATHS = (
					"$(inherited)",
					"@executable_path/Frameworks",
				);
				PRODUCT_BUNDLE_IDENTIFIER = nl.solleveld.PersonalityQuiz;
				PRODUCT_NAME = "$(TARGET_NAME)";
				SWIFT_VERSION = 5.0;
				TARGETED_DEVICE_FAMILY = "1,2";
			};
			name = Debug;
		};
		95C5D0B52366F52A00C60F88 /* Release */ = {
			isa = XCBuildConfiguration;
			buildSettings = {
				ASSETCATALOG_COMPILER_APPICON_NAME = AppIcon;
				CODE_SIGN_STYLE = Automatic;
				DEVELOPMENT_TEAM = 2BRJ7L3SUQ;
				INFOPLIST_FILE = PersonalityQuiz/Info.plist;
				LD_RUNPATH_SEARCH_PATHS = (
					"$(inherited)",
					"@executable_path/Frameworks",
				);
				PRODUCT_BUNDLE_IDENTIFIER = nl.solleveld.PersonalityQuiz;
				PRODUCT_NAME = "$(TARGET_NAME)";
				SWIFT_VERSION = 5.0;
				TARGETED_DEVICE_FAMILY = "1,2";
			};
			name = Release;
		};
/* End XCBuildConfiguration section */

/* Begin XCConfigurationList section */
		95C5D09A2366F52900C60F88 /* Build configuration list for PBXProject "PersonalityQuiz" */ = {
			isa = XCConfigurationList;
			buildConfigurations = (
				95C5D0B12366F52A00C60F88 /* Debug */,
				95C5D0B22366F52A00C60F88 /* Release */,
			);
			defaultConfigurationIsVisible = 0;
			defaultConfigurationName = Release;
		};
		95C5D0B32366F52A00C60F88 /* Build configuration list for PBXNativeTarget "PersonalityQuiz" */ = {
			isa = XCConfigurationList;
			buildConfigurations = (
				95C5D0B42366F52A00C60F88 /* Debug */,
				95C5D0B52366F52A00C60F88 /* Release */,
			);
			defaultConfigurationIsVisible = 0;
			defaultConfigurationName = Release;
		};
/* End XCConfigurationList section */
	};
	rootObject = 95C5D0972366F52900C60F88 /* Project object */;
}
